<?xml version="1.0" encoding="utf-8"?>
<Project ToolsVersion="4.0" xmlns="http://schemas.microsoft.com/developer/msbuild/2003">
  <ItemGroup>
    <Filter Include="Source Files">
      <UniqueIdentifier>{4FC737F1-C7A5-4376-A066-2A32D752A2FF}</UniqueIdentifier>
      <Extensions>cpp;c;cc;cxx;def;odl;idl;hpj;bat;asm;asmx</Extensions>
    </Filter>
    <Filter Include="Driver Files">
      <UniqueIdentifier>{8E41214B-6785-4CFE-B992-037D68949A14}</UniqueIdentifier>
      <Extensions>inf;inv;inx;mof;mc;</Extensions>
    </Filter>
    <Filter Include="struct_defs">
      <UniqueIdentifier>{3c0bd2bb-8fbe-4b89-b651-269da9a2da03}</UniqueIdentifier>
    </Filter>
    <Filter Include="utility">
      <UniqueIdentifier>{aceef8b4-473f-4ccf-a353-d592322c8787}</UniqueIdentifier>
    </Filter>
  </ItemGroup>
  <ItemGroup>
    <Inf Include="dbl_hv.inf">
      <Filter>Driver Files</Filter>
    </Inf>
  </ItemGroup>
  <ItemGroup>
    <ClCompile Include="main.c">
      <Filter>Source Files</Filter>
    </ClCompile>
    <ClCompile Include="init.c">
      <Filter>Source Files</Filter>
    </ClCompile>
  </ItemGroup>
  <ItemGroup>
    <ClInclude Include="struct_defs\cpuid.h">
      <Filter>struct_defs</Filter>
    </ClInclude>
    <ClInclude Include="struct_defs\efer.h">
      <Filter>struct_defs</Filter>
    </ClInclude>
    <ClInclude Include="struct_defs\feature_control.h">
      <Filter>struct_defs</Filter>
    </ClInclude>
    <ClInclude Include="struct_defs\vmx_basic.h">
      <Filter>struct_defs</Filter>
    </ClInclude>
    <ClInclude Include="struct_defs\vmx_entry_ctl.h">
      <Filter>struct_defs</Filter>
    </ClInclude>
    <ClInclude Include="struct_defs\vmx_exit_ctl.h">
      <Filter>struct_defs</Filter>
    </ClInclude>
    <ClInclude Include="struct_defs\vmx_misc.h">
      <Filter>struct_defs</Filter>
    </ClInclude>
    <ClInclude Include="struct_defs\vmx_pinbased_ctl.h">
      <Filter>struct_defs</Filter>
    </ClInclude>
    <ClInclude Include="struct_defs\vmx_primary_processor_based_ctl.h">
      <Filter>struct_defs</Filter>
    </ClInclude>
    <ClInclude Include="struct_defs\vmx_secondary_processor_based_ctl.h">
      <Filter>struct_defs</Filter>
    </ClInclude>
    <ClInclude Include="util\init.h">
      <Filter>utility</Filter>
    </ClInclude>
    <ClInclude Include="includes.h">
      <Filter>utility</Filter>
    </ClInclude>
    <ClInclude Include="struct_defs\vcpu.h">
      <Filter>struct_defs</Filter>
    </ClInclude>
    <ClInclude Include="struct_defs\vmm_context.h">
      <Filter>struct_defs</Filter>
    </ClInclude>
    <ClInclude Include="util\debug.h">
      <Filter>utility</Filter>
    </ClInclude>
    <ClInclude Include="struct_defs\control_registers.h">
      <Filter>struct_defs</Filter>
    </ClInclude>
    <ClInclude Include="vmcs.h">
      <Filter>struct_defs</Filter>
    </ClInclude>
  </ItemGroup>
</Project>