<?xml version="1.0" encoding="utf-8"?>
<Project ToolsVersion="4.0" xmlns="http://schemas.microsoft.com/developer/msbuild/2003">
  <ItemGroup>
    <Filter Include="Source Files">
      <UniqueIdentifier>{4FC737F1-C7A5-4376-A066-2A32D752A2FF}</UniqueIdentifier>
      <Extensions>cpp;c;cc;cxx;def;odl;idl;hpj;bat;asm;asmx</Extensions>
    </Filter>
    <Filter Include="Driver Files">
      <UniqueIdentifier>{8E41214B-6785-4CFE-B992-037D68949A14}</UniqueIdentifier>
      <Extensions>inf;inv;inx;mof;mc;</Extensions>
    </Filter>
    <Filter Include="struct_defs">
      <UniqueIdentifier>{3c0bd2bb-8fbe-4b89-b651-269da9a2da03}</UniqueIdentifier>
    </Filter>
    <Filter Include="utility">
      <UniqueIdentifier>{aceef8b4-473f-4ccf-a353-d592322c8787}</UniqueIdentifier>
    </Filter>
    <Filter Include="control_fields">
      <UniqueIdentifier>{5c817700-81f5-4a9f-82b2-2f21fbe9307a}</UniqueIdentifier>
    </Filter>
    <Filter Include="encodings">
      <UniqueIdentifier>{8e52a874-c928-45cd-9332-f24033ba0b94}</UniqueIdentifier>
    </Filter>
    <Filter Include="encodings\host_state_encodings">
      <UniqueIdentifier>{f5d29982-78f1-4bce-bcf9-bc14a092b98a}</UniqueIdentifier>
    </Filter>
    <Filter Include="encodings\guest_state_encodings">
      <UniqueIdentifier>{3d2b50f5-ea77-49b0-9852-a2a56164616d}</UniqueIdentifier>
    </Filter>
    <Filter Include="encodings\control_encodings">
      <UniqueIdentifier>{5d04cd9c-bc82-43ea-ade8-880b56562924}</UniqueIdentifier>
    </Filter>
    <Filter Include="encodings\vm_exit_encodings">
      <UniqueIdentifier>{a0809cb6-8207-47e4-9cbb-18f493930321}</UniqueIdentifier>
    </Filter>
    <Filter Include="headers">
      <UniqueIdentifier>{664e58b7-3d5e-4e43-ba86-e5c1040b8cf1}</UniqueIdentifier>
    </Filter>
    <Filter Include="asm">
      <UniqueIdentifier>{e108b8fd-1a05-493a-8450-53300e7e11fd}</UniqueIdentifier>
    </Filter>
    <Filter Include="segments">
      <UniqueIdentifier>{bbf6da24-b70f-415b-859b-0432d8d0440f}</UniqueIdentifier>
    </Filter>
  </ItemGroup>
  <ItemGroup>
    <Inf Include="dbl_hv.inf">
      <Filter>Driver Files</Filter>
    </Inf>
  </ItemGroup>
  <ItemGroup>
    <ClCompile Include="main.c">
      <Filter>Source Files</Filter>
    </ClCompile>
    <ClCompile Include="vmcs\vmcs.c">
      <Filter>Source Files</Filter>
    </ClCompile>
    <ClCompile Include="core\init.c">
      <Filter>Source Files</Filter>
    </ClCompile>
    <ClCompile Include="core\vmx.c">
      <Filter>Source Files</Filter>
    </ClCompile>
    <ClCompile Include="segments\segments.c">
      <Filter>segments</Filter>
    </ClCompile>
    <ClCompile Include="core\vmexit.c">
      <Filter>Source Files</Filter>
    </ClCompile>
    <ClCompile Include="core\logging.c">
      <Filter>Source Files</Filter>
    </ClCompile>
  </ItemGroup>
  <ItemGroup>
    <ClInclude Include="struct_defs\cpuid.h">
      <Filter>struct_defs</Filter>
    </ClInclude>
    <ClInclude Include="struct_defs\efer.h">
      <Filter>struct_defs</Filter>
    </ClInclude>
    <ClInclude Include="struct_defs\feature_control.h">
      <Filter>struct_defs</Filter>
    </ClInclude>
    <ClInclude Include="struct_defs\vmx_basic.h">
      <Filter>struct_defs</Filter>
    </ClInclude>
    <ClInclude Include="struct_defs\vmx_entry_ctl.h">
      <Filter>struct_defs</Filter>
    </ClInclude>
    <ClInclude Include="struct_defs\vmx_exit_ctl.h">
      <Filter>struct_defs</Filter>
    </ClInclude>
    <ClInclude Include="struct_defs\vmx_misc.h">
      <Filter>struct_defs</Filter>
    </ClInclude>
    <ClInclude Include="struct_defs\vmx_pinbased_ctl.h">
      <Filter>struct_defs</Filter>
    </ClInclude>
    <ClInclude Include="struct_defs\vmx_primary_processor_based_ctl.h">
      <Filter>struct_defs</Filter>
    </ClInclude>
    <ClInclude Include="struct_defs\vmx_secondary_processor_based_ctl.h">
      <Filter>struct_defs</Filter>
    </ClInclude>
    <ClInclude Include="struct_defs\vcpu.h">
      <Filter>struct_defs</Filter>
    </ClInclude>
    <ClInclude Include="struct_defs\vmm_context.h">
      <Filter>struct_defs</Filter>
    </ClInclude>
    <ClInclude Include="util\debug.h">
      <Filter>utility</Filter>
    </ClInclude>
    <ClInclude Include="struct_defs\control_registers.h">
      <Filter>struct_defs</Filter>
    </ClInclude>
    <ClInclude Include="control_fields\vm_entry.h">
      <Filter>control_fields</Filter>
    </ClInclude>
    <ClInclude Include="control_fields\vmx_exit.h">
      <Filter>control_fields</Filter>
    </ClInclude>
    <ClInclude Include="util\encoding.h">
      <Filter>utility</Filter>
    </ClInclude>
    <ClInclude Include="encodings\control\control_encodings.h">
      <Filter>encodings\control_encodings</Filter>
    </ClInclude>
    <ClInclude Include="encodings\guest_state\guest_state_encodings.h">
      <Filter>encodings\guest_state_encodings</Filter>
    </ClInclude>
    <ClInclude Include="encodings\host_state\host_state_encodings.h">
      <Filter>encodings\host_state_encodings</Filter>
    </ClInclude>
    <ClInclude Include="encodings\vmexit\vm_exit_encodings.h">
      <Filter>encodings\vm_exit_encodings</Filter>
    </ClInclude>
    <ClInclude Include="vmcs\vmcs.h" />
    <ClInclude Include="headers\includes.h">
      <Filter>headers</Filter>
    </ClInclude>
    <ClInclude Include="headers\init.h">
      <Filter>headers</Filter>
    </ClInclude>
    <ClInclude Include="headers\vmcs.h">
      <Filter>headers</Filter>
    </ClInclude>
    <ClInclude Include="struct_defs\vmcs_.h">
      <Filter>struct_defs</Filter>
    </ClInclude>
    <ClInclude Include="headers\msr.h">
      <Filter>headers</Filter>
    </ClInclude>
    <ClInclude Include="headers\vmx.h">
      <Filter>headers</Filter>
    </ClInclude>
    <ClInclude Include="asm\vmm_intrin.h">
      <Filter>asm</Filter>
    </ClInclude>
    <ClInclude Include="segments\segments.h">
      <Filter>segments</Filter>
    </ClInclude>
    <ClInclude Include="struct_defs\vmexit_guest_registers.h">
      <Filter>struct_defs</Filter>
    </ClInclude>
    <ClInclude Include="headers\logging.h">
      <Filter>headers</Filter>
    </ClInclude>
    <ClInclude Include="headers\vmexit.h">
      <Filter>headers</Filter>
    </ClInclude>
  </ItemGroup>
  <ItemGroup>
    <MASM Include="asm\vmm_intrin.asm">
      <Filter>asm</Filter>
    </MASM>
  </ItemGroup>
</Project>